
Microsoft Visual Studio Solution File, Format Version 12.00
# Visual Studio Version 16
VisualStudioVersion = 16.0.30907.101
MinimumVisualStudioVersion = 10.0.40219.1
Project("{9A19103F-16F7-4668-BE54-9A1E7A4F7556}") = "Kampİntro", "Kampİntro\Kampİntro.csproj", "{478DC1CA-D4CB-4FBF-BCFD-C16EFE489F06}"
EndProject
Project("{9A19103F-16F7-4668-BE54-9A1E7A4F7556}") = "Dongueler", "Dongueler\Dongueler.csproj", "{32451B89-5939-435F-B18B-126A7932E92B}"
EndProject
Project("{9A19103F-16F7-4668-BE54-9A1E7A4F7556}") = "ClassIntro", "ClassIntro\ClassIntro.csproj", "{17505478-A4ED-48B5-AC07-68BD789399B8}"
EndProject
Project("{9A19103F-16F7-4668-BE54-9A1E7A4F7556}") = "hangi_gundeyiz", "elma\hangi_gundeyiz.csproj", "{3255553A-1E89-4894-B3FB-DB27670E7AFD}"
EndProject
Project("{9A19103F-16F7-4668-BE54-9A1E7A4F7556}") = "classOdev", "classOdev\classOdev.csproj", "{F78A66F0-BE87-4A31-8736-57501B9AE94D}"
EndProject
Project("{9A19103F-16F7-4668-BE54-9A1E7A4F7556}") = "Metotlar", "Metotlar\Metotlar.csproj", "{287685EE-4422-4C08-A2F2-BA90E6C0D63D}"
EndProject
Project("{9A19103F-16F7-4668-BE54-9A1E7A4F7556}") = "Matematik", "Matematik\Matematik.csproj", "{38C14282-1302-4B32-BDEA-B57DC370F6D3}"
EndProject
Project("{9A19103F-16F7-4668-BE54-9A1E7A4F7556}") = "DegerVeReferansTip", "DegerVeReferansTip\DegerVeReferansTip.csproj", "{2681C55E-0D92-4166-93E0-D35956497A60}"
EndProject
Project("{FAE04EC0-301F-11D3-BF4B-00C04F79EFBC}") = "OOP1", "OOP1\OOP1.csproj", "{5636B83D-177B-48F2-867A-F5BC4F1BE989}"
EndProject
Project("{FAE04EC0-301F-11D3-BF4B-00C04F79EFBC}") = "Koleksiyonlar", "Koleksiyonlar\Koleksiyonlar.csproj", "{B5EA3CBC-EAB4-426F-AA36-7A41A9942BF3}"
EndProject
Project("{FAE04EC0-301F-11D3-BF4B-00C04F79EFBC}") = "GenericsIntro", "GenericsIntro\GenericsIntro.csproj", "{972C5875-F5E5-46B9-AB68-3A366BD255BD}"
EndProject
Global
	GlobalSection(SolutionConfigurationPlatforms) = preSolution
		Debug|Any CPU = Debug|Any CPU
		Release|Any CPU = Release|Any CPU
	EndGlobalSection
	GlobalSection(ProjectConfigurationPlatforms) = postSolution
		{478DC1CA-D4CB-4FBF-BCFD-C16EFE489F06}.Debug|Any CPU.ActiveCfg = Debug|Any CPU
		{478DC1CA-D4CB-4FBF-BCFD-C16EFE489F06}.Debug|Any CPU.Build.0 = Debug|Any CPU
		{478DC1CA-D4CB-4FBF-BCFD-C16EFE489F06}.Release|Any CPU.ActiveCfg = Release|Any CPU
		{478DC1CA-D4CB-4FBF-BCFD-C16EFE489F06}.Release|Any CPU.Build.0 = Release|Any CPU
		{32451B89-5939-435F-B18B-126A7932E92B}.Debug|Any CPU.ActiveCfg = Debug|Any CPU
		{32451B89-5939-435F-B18B-126A7932E92B}.Debug|Any CPU.Build.0 = Debug|Any CPU
		{32451B89-5939-435F-B18B-126A7932E92B}.Release|Any CPU.ActiveCfg = Release|Any CPU
		{32451B89-5939-435F-B18B-126A7932E92B}.Release|Any CPU.Build.0 = Release|Any CPU
		{17505478-A4ED-48B5-AC07-68BD789399B8}.Debug|Any CPU.ActiveCfg = Debug|Any CPU
		{17505478-A4ED-48B5-AC07-68BD789399B8}.Debug|Any CPU.Build.0 = Debug|Any CPU
		{17505478-A4ED-48B5-AC07-68BD789399B8}.Release|Any CPU.ActiveCfg = Release|Any CPU
		{17505478-A4ED-48B5-AC07-68BD789399B8}.Release|Any CPU.Build.0 = Release|Any CPU
		{3255553A-1E89-4894-B3FB-DB27670E7AFD}.Debug|Any CPU.ActiveCfg = Debug|Any CPU
		{3255553A-1E89-4894-B3FB-DB27670E7AFD}.Debug|Any CPU.Build.0 = Debug|Any CPU
		{3255553A-1E89-4894-B3FB-DB27670E7AFD}.Release|Any CPU.ActiveCfg = Release|Any CPU
		{3255553A-1E89-4894-B3FB-DB27670E7AFD}.Release|Any CPU.Build.0 = Release|Any CPU
		{F78A66F0-BE87-4A31-8736-57501B9AE94D}.Debug|Any CPU.ActiveCfg = Debug|Any CPU
		{F78A66F0-BE87-4A31-8736-57501B9AE94D}.Debug|Any CPU.Build.0 = Debug|Any CPU
		{F78A66F0-BE87-4A31-8736-57501B9AE94D}.Release|Any CPU.ActiveCfg = Release|Any CPU
		{F78A66F0-BE87-4A31-8736-57501B9AE94D}.Release|Any CPU.Build.0 = Release|Any CPU
		{287685EE-4422-4C08-A2F2-BA90E6C0D63D}.Debug|Any CPU.ActiveCfg = Debug|Any CPU
		{287685EE-4422-4C08-A2F2-BA90E6C0D63D}.Debug|Any CPU.Build.0 = Debug|Any CPU
		{287685EE-4422-4C08-A2F2-BA90E6C0D63D}.Release|Any CPU.ActiveCfg = Release|Any CPU
		{287685EE-4422-4C08-A2F2-BA90E6C0D63D}.Release|Any CPU.Build.0 = Release|Any CPU
		{38C14282-1302-4B32-BDEA-B57DC370F6D3}.Debug|Any CPU.ActiveCfg = Debug|Any CPU
		{38C14282-1302-4B32-BDEA-B57DC370F6D3}.Debug|Any CPU.Build.0 = Debug|Any CPU
		{38C14282-1302-4B32-BDEA-B57DC370F6D3}.Release|Any CPU.ActiveCfg = Release|Any CPU
		{38C14282-1302-4B32-BDEA-B57DC370F6D3}.Release|Any CPU.Build.0 = Release|Any CPU
		{2681C55E-0D92-4166-93E0-D35956497A60}.Debug|Any CPU.ActiveCfg = Debug|Any CPU
		{2681C55E-0D92-4166-93E0-D35956497A60}.Debug|Any CPU.Build.0 = Debug|Any CPU
		{2681C55E-0D92-4166-93E0-D35956497A60}.Release|Any CPU.ActiveCfg = Release|Any CPU
		{2681C55E-0D92-4166-93E0-D35956497A60}.Release|Any CPU.Build.0 = Release|Any CPU
		{5636B83D-177B-48F2-867A-F5BC4F1BE989}.Debug|Any CPU.ActiveCfg = Debug|Any CPU
		{5636B83D-177B-48F2-867A-F5BC4F1BE989}.Debug|Any CPU.Build.0 = Debug|Any CPU
		{5636B83D-177B-48F2-867A-F5BC4F1BE989}.Release|Any CPU.ActiveCfg = Release|Any CPU
		{5636B83D-177B-48F2-867A-F5BC4F1BE989}.Release|Any CPU.Build.0 = Release|Any CPU
		{B5EA3CBC-EAB4-426F-AA36-7A41A9942BF3}.Debug|Any CPU.ActiveCfg = Debug|Any CPU
		{B5EA3CBC-EAB4-426F-AA36-7A41A9942BF3}.Debug|Any CPU.Build.0 = Debug|Any CPU
		{B5EA3CBC-EAB4-426F-AA36-7A41A9942BF3}.Release|Any CPU.ActiveCfg = Release|Any CPU
		{B5EA3CBC-EAB4-426F-AA36-7A41A9942BF3}.Release|Any CPU.Build.0 = Release|Any CPU
		{972C5875-F5E5-46B9-AB68-3A366BD255BD}.Debug|Any CPU.ActiveCfg = Debug|Any CPU
		{972C5875-F5E5-46B9-AB68-3A366BD255BD}.Debug|Any CPU.Build.0 = Debug|Any CPU
		{972C5875-F5E5-46B9-AB68-3A366BD255BD}.Release|Any CPU.ActiveCfg = Release|Any CPU
		{972C5875-F5E5-46B9-AB68-3A366BD255BD}.Release|Any CPU.Build.0 = Release|Any CPU
	EndGlobalSection
	GlobalSection(SolutionProperties) = preSolution
		HideSolutionNode = FALSE
	EndGlobalSection
	GlobalSection(ExtensibilityGlobals) = postSolution
		SolutionGuid = {DA111400-47BF-4D83-933D-1CF90E39F7CA}
	EndGlobalSection
EndGlobal
